Microsoft Visual Studio Solution File, Format Version 12.00
# Visual Studio Version 17
VisualStudioVersion = 17.5.2.0
MinimumVisualStudioVersion = 10.0.40219.1
Project("{FAE04EC0-301F-11D3-BF4B-00C04F79EFBC}") = "Schale_Izakaya_WD_Operator", "Schale_Izakaya_WD_Operator.csproj", "{BBAC5249-2E08-5658-78F7-9A22619F0F16}"
EndProject
Global
	GlobalSection(SolutionConfigurationPlatforms) = preSolution
		Debug|Any CPU = Debug|Any CPU
		Release|Any CPU = Release|Any CPU
	EndGlobalSection
	GlobalSection(ProjectConfigurationPlatforms) = postSolution
		{BBAC5249-2E08-5658-78F7-9A22619F0F16}.Debug|Any CPU.ActiveCfg = Debug|Any CPU
		{BBAC5249-2E08-5658-78F7-9A22619F0F16}.Debug|Any CPU.Build.0 = Debug|Any CPU
		{BBAC5249-2E08-5658-78F7-9A22619F0F16}.Release|Any CPU.ActiveCfg = Release|Any CPU
		{BBAC5249-2E08-5658-78F7-9A22619F0F16}.Release|Any CPU.Build.0 = Release|Any CPU
	EndGlobalSection
	GlobalSection(SolutionProperties) = preSolution
		HideSolutionNode = FALSE
	EndGlobalSection
	GlobalSection(ExtensibilityGlobals) = postSolution
		SolutionGuid = {6EAF646A-F882-4872-AB0A-1A50FE5C7552}
	EndGlobalSection
EndGlobal
